
Microsoft Visual Studio Solution File, Format Version 12.00
# Visual Studio Version 17
VisualStudioVersion = 17.0.31919.166
MinimumVisualStudioVersion = 10.0.40219.1
Project("{9A19103F-16F7-4668-BE54-9A1E7A4F7556}") = "ScripGenerateCRUDSForAvalonia", "ScripGenerateCRUDSForAvalonia.csproj", "{EA6E489E-153C-468F-9AD6-77F53BC79718}"
EndProject
Global
	GlobalSection(SolutionConfigurationPlatforms) = preSolution
		Debug|Any CPU = Debug|Any CPU
		Release|Any CPU = Release|Any CPU
	EndGlobalSection
	GlobalSection(ProjectConfigurationPlatforms) = postSolution
		{EA6E489E-153C-468F-9AD6-77F53BC79718}.Debug|Any CPU.ActiveCfg = Debug|Any CPU
		{EA6E489E-153C-468F-9AD6-77F53BC79718}.Debug|Any CPU.Build.0 = Debug|Any CPU
		{EA6E489E-153C-468F-9AD6-77F53BC79718}.Release|Any CPU.ActiveCfg = Release|Any CPU
		{EA6E489E-153C-468F-9AD6-77F53BC79718}.Release|Any CPU.Build.0 = Release|Any CPU
	EndGlobalSection
	GlobalSection(SolutionProperties) = preSolution
		HideSolutionNode = FALSE
	EndGlobalSection
	GlobalSection(ExtensibilityGlobals) = postSolution
		SolutionGuid = {C24C9A68-A869-4CF1-9449-40E3920B26AC}
	EndGlobalSection
EndGlobal
